schema: '2.0'
stages:
  data_ingestion:
    cmd: python src/data/data_ingestion.py
    deps:
    - path: src/data/data_ingestion.py
      hash: md5
      md5: 635d7dc9f5888e7d2b05fc5e406fb0b3
      size: 3648
    params:
      params.yaml:
        data_ingestion.test_size: 0.21
    outs:
    - path: data/raw
      hash: md5
      md5: a21e1491a6afdd6b1410f9a3a212c14b.dir
      size: 649243
      nfiles: 2
  data_preprocessing:
    cmd: python src/data/data_preprocessing.py
    deps:
    - path: data/raw
      hash: md5
      md5: a21e1491a6afdd6b1410f9a3a212c14b.dir
      size: 649243
      nfiles: 2
    - path: src/data/data_preprocessing.py
      hash: md5
      md5: a0d0986f1695b3e851d0f37dad4451b8
      size: 2909
    outs:
    - path: data/interim
      hash: md5
      md5: 524724867c79014749b2b44f88ef44d8.dir
      size: 401269
      nfiles: 2
  feature_engineering:
    cmd: python src/features/feature_engineering.py
    deps:
    - path: data/interim
      hash: md5
      md5: 524724867c79014749b2b44f88ef44d8.dir
      size: 401269
      nfiles: 2
    - path: src/features/feature_engineering.py
      hash: md5
      md5: cfaf71fa8bd1fae8af5abc3cbbe3387b
      size: 3447
    params:
      params.yaml:
        feature_engineering.max_features: 60
    outs:
    - path: data/processed
      hash: md5
      md5: 02719fd8a3dafc06c0aaded0ee0447cf.dir
      size: 61943
      nfiles: 2
    - path: models/vectorizer.pkl
      hash: md5
      md5: 982c40cd6dd46f6f0adf668856ca0de8
      size: 1890
  model_building:
    cmd: python src/model/model_building.py
    deps:
    - path: data/processed
      hash: md5
      md5: 02719fd8a3dafc06c0aaded0ee0447cf.dir
      size: 61943
      nfiles: 2
    - path: src/model/model_building.py
      hash: md5
      md5: 5262c77711462ba3ee484a3828aa413f
      size: 1859
    outs:
    - path: models/model.pkl
      hash: md5
      md5: 6bc7a38d793b3e5d9d1be98f746802fc
      size: 1194
  model_evaluation:
    cmd: python src/model/model_evaluation.py
    deps:
    - path: models/model.pkl
      hash: md5
      md5: 6bc7a38d793b3e5d9d1be98f746802fc
      size: 1194
    - path: src/model/model_evaluation.py
      hash: md5
      md5: a068c8612290784c298221c1395594cf
      size: 5794
    outs:
    - path: reports/experiment_info.json
      hash: md5
      md5: 998051ff0090b900128a0c7109c8d2e4
      size: 82
    - path: reports/metrics.json
      hash: md5
      md5: 490c026614ba99cdf460f34d57dc0b47
      size: 145
  model_registration:
    cmd: python src/model/register_model.py
    deps:
    - path: reports/experiment_info.json
      hash: md5
      md5: 998051ff0090b900128a0c7109c8d2e4
      size: 82
    - path: src/model/register_model.py
      hash: md5
      md5: 4bfadbcdb682454d7c66cc06b4f14f2c
      size: 3177
